
Microsoft Visual Studio Solution File, Format Version 12.00
Project("{FAE04EC0-301F-11D3-BF4B-00C04F79EFBC}") = "SlcBot", "SlcBot\SlcBot.csproj", "{D72EF712-8EC8-42F7-B7FD-9B32AA072415}"
EndProject
Project("{2150E333-8FDC-42A3-9474-1A3956D46DE8}") = "Solution Items", "Solution Items", "{F77FE0F0-C553-40D6-BDC7-FDC6672350BC}"
	ProjectSection(SolutionItems) = preProject
		compose.yaml = compose.yaml
	EndProjectSection
EndProject
Global
	GlobalSection(SolutionConfigurationPlatforms) = preSolution
		Debug|Any CPU = Debug|Any CPU
		Release|Any CPU = Release|Any CPU
	EndGlobalSection
	GlobalSection(ProjectConfigurationPlatforms) = postSolution
		{D72EF712-8EC8-42F7-B7FD-9B32AA072415}.Debug|Any CPU.ActiveCfg = Debug|Any CPU
		{D72EF712-8EC8-42F7-B7FD-9B32AA072415}.Debug|Any CPU.Build.0 = Debug|Any CPU
		{D72EF712-8EC8-42F7-B7FD-9B32AA072415}.Release|Any CPU.ActiveCfg = Release|Any CPU
		{D72EF712-8EC8-42F7-B7FD-9B32AA072415}.Release|Any CPU.Build.0 = Release|Any CPU
	EndGlobalSection
EndGlobal
